<?xml version="1.0" encoding="UTF-8" standalone="yes" ?>
<CodeBlocks_project_file>
	<FileVersion major="1" minor="6" />
	<Project>
		<Option title="colibri" />
		<Option pch_mode="2" />
		<Option compiler="gcc" />
		<Build>
			<Target title="Release">
				<Option output="../bin/Release/colibri" prefix_auto="1" extension_auto="1" />
				<Option object_output="../obj/Release/" />
				<Option type="1" />
				<Option compiler="gcc" />
				<Compiler>
					<Add option="-O3" />
				</Compiler>
				<Linker>
					<Add option="-s" />
				</Linker>
			</Target>
			<Target title="Testing">
				<Option output="../bin/Testing/test" prefix_auto="1" extension_auto="1" />
				<Option object_output="../obj/Testing/" />
				<Option type="1" />
				<Option compiler="gcc" />
			</Target>
			<Target title="EgtbEstimator">
				<Option output="../bin/EgtbEstimator/egtbEstimator" prefix_auto="1" extension_auto="1" />
				<Option object_output="../obj/EgtbEstimator" />
				<Option type="1" />
				<Option compiler="gcc" />
			</Target>
			<Target title="Debug">
				<Option output="../bin/Debug/colibri" prefix_auto="1" extension_auto="1" />
				<Option object_output="../obj/Debug/" />
				<Option type="1" />
				<Option compiler="gcc" />
				<Option parameters='-a &quot;e3 f6&quot; -f /tmp/test.col' />
				<Compiler>
					<Add option="-g" />
				</Compiler>
			</Target>
		</Build>
		<Compiler>
			<Add option="-fexceptions -std=gnu++0x" />
		</Compiler>
		<Linker>
			<Add library="lzma" />
			<Add library="pthread" />
		</Linker>
		<Unit filename="../bitmanip.cpp" />
		<Unit filename="../bitmanip.h" />
		<Unit filename="../board.cpp" />
		<Unit filename="../board.h" />
		<Unit filename="../colibri.cpp">
			<Option target="Release" />
			<Option target="Debug" />
		</Unit>
		<Unit filename="../configfile.cpp" />
		<Unit filename="../configfile.h" />
		<Unit filename="../defines.h" />
		<Unit filename="../egtb.cpp" />
		<Unit filename="../egtb.h" />
		<Unit filename="../fileutil.cpp" />
		<Unit filename="../fileutil.h" />
		<Unit filename="../logging.cpp" />
		<Unit filename="../logging.h" />
		<Unit filename="../lrucache.cpp" />
		<Unit filename="../lrucache.h" />
		<Unit filename="../movegen.cpp" />
		<Unit filename="../movegen.h" />
		<Unit filename="../pns.cpp" />
		<Unit filename="../pns.h" />
		<Unit filename="../precomp.cpp" />
		<Unit filename="../precomp.h" />
		<Unit filename="../queryserver.cpp">
			<Option target="Release" />
			<Option target="Debug" />
		</Unit>
		<Unit filename="../queryserver.h">
			<Option target="Release" />
			<Option target="Debug" />
		</Unit>
		<Unit filename="../stringutil.cpp" />
		<Unit filename="../stringutil.h" />
		<Unit filename="../test.cpp">
			<Option target="Testing" />
		</Unit>
		<Unit filename="../timer.cpp" />
		<Unit filename="../timer.h" />
		<Unit filename="../tools/egtbEstimator.cpp">
			<Option target="EgtbEstimator" />
		</Unit>
		<Unit filename="../zobrist.cpp" />
		<Unit filename="../zobrist.h" />
		<Extensions>
			<code_completion />
			<envvars />
			<debugger />
			<lib_finder disable_auto="1" />
		</Extensions>
	</Project>
</CodeBlocks_project_file>
